
Microsoft Visual Studio Solution File, Format Version 12.00
Project("{2150E333-8FDC-42A3-9474-1A3956D46DE8}") = "src", "src", "{9D3471DB-C017-4952-99BB-37E3071B1AD4}"
EndProject
Project("{2150E333-8FDC-42A3-9474-1A3956D46DE8}") = "services", "services", "{5C69AE1A-7051-45F4-9D71-A0BE52838467}"
EndProject
Project("{2150E333-8FDC-42A3-9474-1A3956D46DE8}") = "common", "common", "{A448D804-D12B-4D54-801B-12BF1EB719D0}"
EndProject
Project("{2150E333-8FDC-42A3-9474-1A3956D46DE8}") = "product", "product", "{B674A5A8-BEB3-4713-8038-E7F938AD2A1E}"
EndProject
Project("{2150E333-8FDC-42A3-9474-1A3956D46DE8}") = "payment", "payment", "{5E73AF11-DA9D-4E43-9CFE-719544504682}"
EndProject
Project("{2150E333-8FDC-42A3-9474-1A3956D46DE8}") = "invoice", "invoice", "{4DB0F855-AEBB-4D53-A6FC-A5A5CB14DAB2}"
EndProject
Project("{FAE04EC0-301F-11D3-BF4B-00C04F79EFBC}") = "EventContract", "EventContract\EventContract.csproj", "{2635A9FB-AE19-4A5D-9FD9-854BA6C984AF}"
EndProject
Project("{FAE04EC0-301F-11D3-BF4B-00C04F79EFBC}") = "Payment.Api", "Payment.Api\Payment.Api.csproj", "{AEA69EFF-51BA-40A1-BA04-F0D8B2C12029}"
EndProject
Project("{FAE04EC0-301F-11D3-BF4B-00C04F79EFBC}") = "Payment.Domain", "Payment.Domain\Payment.Domain.csproj", "{83CAD9BF-AEAD-458B-AF5D-571C4AE6DAF4}"
EndProject
Project("{FAE04EC0-301F-11D3-BF4B-00C04F79EFBC}") = "Payment.Infrastructure", "Payment.Infrastructure\Payment.Infrastructure.csproj", "{4CC394AF-431F-4C43-9677-527C512DFC14}"
EndProject
Project("{FAE04EC0-301F-11D3-BF4B-00C04F79EFBC}") = "MongoContext", "MongoContext\MongoContext.csproj", "{2712959F-A21E-4F36-A3B9-4C78B5784430}"
EndProject
Project("{FAE04EC0-301F-11D3-BF4B-00C04F79EFBC}") = "MessageBroker", "MessageBroker\MessageBroker.csproj", "{F909983C-78FB-454A-A88F-87A2E1FDEAA1}"
EndProject
Project("{FAE04EC0-301F-11D3-BF4B-00C04F79EFBC}") = "Product.Domain", "Product.Domain\Product.Domain.csproj", "{B2EFF507-4F85-45E9-A77F-6376EDDECD0A}"
EndProject
Project("{FAE04EC0-301F-11D3-BF4B-00C04F79EFBC}") = "Product.Infrastructure", "Product.Infrastructure\Product.Infrastructure.csproj", "{671D0110-1F51-4A1D-B782-2E5F10C81DAF}"
EndProject
Project("{FAE04EC0-301F-11D3-BF4B-00C04F79EFBC}") = "Invoice.Domain", "Invoice.Domain\Invoice.Domain.csproj", "{04D51F01-7AB1-45B2-8BEC-579E9CC552C4}"
EndProject
Project("{FAE04EC0-301F-11D3-BF4B-00C04F79EFBC}") = "Invoice.Infrastructure", "Invoice.Infrastructure\Invoice.Infrastructure.csproj", "{D5F66348-F08A-4230-A9F2-2CA0286C1C58}"
EndProject
Project("{FAE04EC0-301F-11D3-BF4B-00C04F79EFBC}") = "Invoice.Api", "Invoice.Api\Invoice.Api.csproj", "{AFB43E68-A076-464E-8806-503EABCE3E0A}"
EndProject
Project("{FAE04EC0-301F-11D3-BF4B-00C04F79EFBC}") = "Product.Api", "Product.Api\Product.Api.csproj", "{CDCFF1AB-05F3-4EAD-BD4F-C1DF703F5DD1}"
EndProject
Global
	GlobalSection(SolutionConfigurationPlatforms) = preSolution
		Debug|Any CPU = Debug|Any CPU
		Release|Any CPU = Release|Any CPU
	EndGlobalSection
	GlobalSection(NestedProjects) = preSolution
		{5C69AE1A-7051-45F4-9D71-A0BE52838467} = {9D3471DB-C017-4952-99BB-37E3071B1AD4}
		{A448D804-D12B-4D54-801B-12BF1EB719D0} = {5C69AE1A-7051-45F4-9D71-A0BE52838467}
		{B674A5A8-BEB3-4713-8038-E7F938AD2A1E} = {5C69AE1A-7051-45F4-9D71-A0BE52838467}
		{5E73AF11-DA9D-4E43-9CFE-719544504682} = {5C69AE1A-7051-45F4-9D71-A0BE52838467}
		{4DB0F855-AEBB-4D53-A6FC-A5A5CB14DAB2} = {5C69AE1A-7051-45F4-9D71-A0BE52838467}
		{2635A9FB-AE19-4A5D-9FD9-854BA6C984AF} = {A448D804-D12B-4D54-801B-12BF1EB719D0}
		{AEA69EFF-51BA-40A1-BA04-F0D8B2C12029} = {5E73AF11-DA9D-4E43-9CFE-719544504682}
		{83CAD9BF-AEAD-458B-AF5D-571C4AE6DAF4} = {5E73AF11-DA9D-4E43-9CFE-719544504682}
		{4CC394AF-431F-4C43-9677-527C512DFC14} = {5E73AF11-DA9D-4E43-9CFE-719544504682}
		{2712959F-A21E-4F36-A3B9-4C78B5784430} = {A448D804-D12B-4D54-801B-12BF1EB719D0}
		{F909983C-78FB-454A-A88F-87A2E1FDEAA1} = {A448D804-D12B-4D54-801B-12BF1EB719D0}
		{B2EFF507-4F85-45E9-A77F-6376EDDECD0A} = {B674A5A8-BEB3-4713-8038-E7F938AD2A1E}
		{671D0110-1F51-4A1D-B782-2E5F10C81DAF} = {B674A5A8-BEB3-4713-8038-E7F938AD2A1E}
		{04D51F01-7AB1-45B2-8BEC-579E9CC552C4} = {4DB0F855-AEBB-4D53-A6FC-A5A5CB14DAB2}
		{D5F66348-F08A-4230-A9F2-2CA0286C1C58} = {4DB0F855-AEBB-4D53-A6FC-A5A5CB14DAB2}
		{AFB43E68-A076-464E-8806-503EABCE3E0A} = {4DB0F855-AEBB-4D53-A6FC-A5A5CB14DAB2}
		{CDCFF1AB-05F3-4EAD-BD4F-C1DF703F5DD1} = {B674A5A8-BEB3-4713-8038-E7F938AD2A1E}
	EndGlobalSection
	GlobalSection(ProjectConfigurationPlatforms) = postSolution
		{2635A9FB-AE19-4A5D-9FD9-854BA6C984AF}.Debug|Any CPU.ActiveCfg = Debug|Any CPU
		{2635A9FB-AE19-4A5D-9FD9-854BA6C984AF}.Debug|Any CPU.Build.0 = Debug|Any CPU
		{2635A9FB-AE19-4A5D-9FD9-854BA6C984AF}.Release|Any CPU.ActiveCfg = Release|Any CPU
		{2635A9FB-AE19-4A5D-9FD9-854BA6C984AF}.Release|Any CPU.Build.0 = Release|Any CPU
		{AEA69EFF-51BA-40A1-BA04-F0D8B2C12029}.Debug|Any CPU.ActiveCfg = Debug|Any CPU
		{AEA69EFF-51BA-40A1-BA04-F0D8B2C12029}.Debug|Any CPU.Build.0 = Debug|Any CPU
		{AEA69EFF-51BA-40A1-BA04-F0D8B2C12029}.Release|Any CPU.ActiveCfg = Release|Any CPU
		{AEA69EFF-51BA-40A1-BA04-F0D8B2C12029}.Release|Any CPU.Build.0 = Release|Any CPU
		{83CAD9BF-AEAD-458B-AF5D-571C4AE6DAF4}.Debug|Any CPU.ActiveCfg = Debug|Any CPU
		{83CAD9BF-AEAD-458B-AF5D-571C4AE6DAF4}.Debug|Any CPU.Build.0 = Debug|Any CPU
		{83CAD9BF-AEAD-458B-AF5D-571C4AE6DAF4}.Release|Any CPU.ActiveCfg = Release|Any CPU
		{83CAD9BF-AEAD-458B-AF5D-571C4AE6DAF4}.Release|Any CPU.Build.0 = Release|Any CPU
		{4CC394AF-431F-4C43-9677-527C512DFC14}.Debug|Any CPU.ActiveCfg = Debug|Any CPU
		{4CC394AF-431F-4C43-9677-527C512DFC14}.Debug|Any CPU.Build.0 = Debug|Any CPU
		{4CC394AF-431F-4C43-9677-527C512DFC14}.Release|Any CPU.ActiveCfg = Release|Any CPU
		{4CC394AF-431F-4C43-9677-527C512DFC14}.Release|Any CPU.Build.0 = Release|Any CPU
		{2712959F-A21E-4F36-A3B9-4C78B5784430}.Debug|Any CPU.ActiveCfg = Debug|Any CPU
		{2712959F-A21E-4F36-A3B9-4C78B5784430}.Debug|Any CPU.Build.0 = Debug|Any CPU
		{2712959F-A21E-4F36-A3B9-4C78B5784430}.Release|Any CPU.ActiveCfg = Release|Any CPU
		{2712959F-A21E-4F36-A3B9-4C78B5784430}.Release|Any CPU.Build.0 = Release|Any CPU
		{F909983C-78FB-454A-A88F-87A2E1FDEAA1}.Debug|Any CPU.ActiveCfg = Debug|Any CPU
		{F909983C-78FB-454A-A88F-87A2E1FDEAA1}.Debug|Any CPU.Build.0 = Debug|Any CPU
		{F909983C-78FB-454A-A88F-87A2E1FDEAA1}.Release|Any CPU.ActiveCfg = Release|Any CPU
		{F909983C-78FB-454A-A88F-87A2E1FDEAA1}.Release|Any CPU.Build.0 = Release|Any CPU
		{B2EFF507-4F85-45E9-A77F-6376EDDECD0A}.Debug|Any CPU.ActiveCfg = Debug|Any CPU
		{B2EFF507-4F85-45E9-A77F-6376EDDECD0A}.Debug|Any CPU.Build.0 = Debug|Any CPU
		{B2EFF507-4F85-45E9-A77F-6376EDDECD0A}.Release|Any CPU.ActiveCfg = Release|Any CPU
		{B2EFF507-4F85-45E9-A77F-6376EDDECD0A}.Release|Any CPU.Build.0 = Release|Any CPU
		{671D0110-1F51-4A1D-B782-2E5F10C81DAF}.Debug|Any CPU.ActiveCfg = Debug|Any CPU
		{671D0110-1F51-4A1D-B782-2E5F10C81DAF}.Debug|Any CPU.Build.0 = Debug|Any CPU
		{671D0110-1F51-4A1D-B782-2E5F10C81DAF}.Release|Any CPU.ActiveCfg = Release|Any CPU
		{671D0110-1F51-4A1D-B782-2E5F10C81DAF}.Release|Any CPU.Build.0 = Release|Any CPU
		{04D51F01-7AB1-45B2-8BEC-579E9CC552C4}.Debug|Any CPU.ActiveCfg = Debug|Any CPU
		{04D51F01-7AB1-45B2-8BEC-579E9CC552C4}.Debug|Any CPU.Build.0 = Debug|Any CPU
		{04D51F01-7AB1-45B2-8BEC-579E9CC552C4}.Release|Any CPU.ActiveCfg = Release|Any CPU
		{04D51F01-7AB1-45B2-8BEC-579E9CC552C4}.Release|Any CPU.Build.0 = Release|Any CPU
		{D5F66348-F08A-4230-A9F2-2CA0286C1C58}.Debug|Any CPU.ActiveCfg = Debug|Any CPU
		{D5F66348-F08A-4230-A9F2-2CA0286C1C58}.Debug|Any CPU.Build.0 = Debug|Any CPU
		{D5F66348-F08A-4230-A9F2-2CA0286C1C58}.Release|Any CPU.ActiveCfg = Release|Any CPU
		{D5F66348-F08A-4230-A9F2-2CA0286C1C58}.Release|Any CPU.Build.0 = Release|Any CPU
		{AFB43E68-A076-464E-8806-503EABCE3E0A}.Debug|Any CPU.ActiveCfg = Debug|Any CPU
		{AFB43E68-A076-464E-8806-503EABCE3E0A}.Debug|Any CPU.Build.0 = Debug|Any CPU
		{AFB43E68-A076-464E-8806-503EABCE3E0A}.Release|Any CPU.ActiveCfg = Release|Any CPU
		{AFB43E68-A076-464E-8806-503EABCE3E0A}.Release|Any CPU.Build.0 = Release|Any CPU
		{CDCFF1AB-05F3-4EAD-BD4F-C1DF703F5DD1}.Debug|Any CPU.ActiveCfg = Debug|Any CPU
		{CDCFF1AB-05F3-4EAD-BD4F-C1DF703F5DD1}.Debug|Any CPU.Build.0 = Debug|Any CPU
		{CDCFF1AB-05F3-4EAD-BD4F-C1DF703F5DD1}.Release|Any CPU.ActiveCfg = Release|Any CPU
		{CDCFF1AB-05F3-4EAD-BD4F-C1DF703F5DD1}.Release|Any CPU.Build.0 = Release|Any CPU
	EndGlobalSection
EndGlobal
